// !$*UTF8*$!
{
	archiveVersion = 1;
	classes = {
	};
	objectVersion = 46;
	objects = {

/* Begin PBXBuildFile section */
		B36A1AA31B55EBED00B572C2 /* main.m in Sources */ = {isa = PBXBuildFile; fileRef = B36A1AA21B55EBED00B572C2 /* main.m */; };
		B36A1AA61B55EBED00B572C2 /* AppDelegate.m in Sources */ = {isa = PBXBuildFile; fileRef = B36A1AA51B55EBED00B572C2 /* AppDelegate.m */; };
		B36A1AA91B55EBED00B572C2 /* tongxunlu.xcdatamodeld in Sources */ = {isa = PBXBuildFile; fileRef = B36A1AA71B55EBED00B572C2 /* tongxunlu.xcdatamodeld */; };
		B36A1AAC1B55EBED00B572C2 /* ViewController.m in Sources */ = {isa = PBXBuildFile; fileRef = B36A1AAB1B55EBED00B572C2 /* ViewController.m */; };
		B36A1AAF1B55EBED00B572C2 /* Main.storyboard in Resources */ = {isa = PBXBuildFile; fileRef = B36A1AAD1B55EBED00B572C2 /* Main.storyboard */; };
		B36A1AB11B55EBED00B572C2 /* Images.xcassets in Resources */ = {isa = PBXBuildFile; fileRef = B36A1AB01B55EBED00B572C2 /* Images.xcassets */; };
		B36A1AB41B55EBED00B572C2 /* LaunchScreen.xib in Resources */ = {isa = PBXBuildFile; fileRef = B36A1AB21B55EBED00B572C2 /* LaunchScreen.xib */; };
		B36A1AC01B55EBEE00B572C2 /* tongxunluTests.m in Sources */ = {isa = PBXBuildFile; fileRef = B36A1ABF1B55EBEE00B572C2 /* tongxunluTests.m */; };
		B36A1ADA1B55FA3600B572C2 /* CoreDateManager.m in Sources */ = {isa = PBXBuildFile; fileRef = B36A1AD91B55FA3600B572C2 /* CoreDateManager.m */; };
		B36A1AE31B560A6200B572C2 /* Information.m in Sources */ = {isa = PBXBuildFile; fileRef = B36A1AE21B560A6200B572C2 /* Information.m */; };
		B37443881B57B5C9006FD715 /* InfoT.m in Sources */ = {isa = PBXBuildFile; fileRef = B37443871B57B5C9006FD715 /* InfoT.m */; };
/* End PBXBuildFile section */

/* Begin PBXContainerItemProxy section */
		B36A1ABA1B55EBEE00B572C2 /* PBXContainerItemProxy */ = {
			isa = PBXContainerItemProxy;
			containerPortal = B36A1A951B55EBED00B572C2 /* Project object */;
			proxyType = 1;
			remoteGlobalIDString = B36A1A9C1B55EBED00B572C2;
			remoteInfo = tongxunlu;
		};
/* End PBXContainerItemProxy section */

/* Begin PBXFileReference section */
		B36A1A9D1B55EBED00B572C2 /* tongxunlu.app */ = {isa = PBXFileReference; explicitFileType = wrapper.application; includeInIndex = 0; path = tongxunlu.app; sourceTree = BUILT_PRODUCTS_DIR; };
		B36A1AA11B55EBED00B572C2 /* Info.plist */ = {isa = PBXFileReference; lastKnownFileType = text.plist.xml; path = Info.plist; sourceTree = "<group>"; };
		B36A1AA21B55EBED00B572C2 /* main.m */ = {isa = PBXFileReference; lastKnownFileType = sourcecode.c.objc; path = main.m; sourceTree = "<group>"; };
		B36A1AA41B55EBED00B572C2 /* AppDelegate.h */ = {isa = PBXFileReference; lastKnownFileType = sourcecode.c.h; path = AppDelegate.h; sourceTree = "<group>"; };
		B36A1AA51B55EBED00B572C2 /* AppDelegate.m */ = {isa = PBXFileReference; lastKnownFileType = sourcecode.c.objc; path = AppDelegate.m; sourceTree = "<group>"; };
		B36A1AA81B55EBED00B572C2 /* tongxunlu.xcdatamodel */ = {isa = PBXFileReference; lastKnownFileType = wrapper.xcdatamodel; path = tongxunlu.xcdatamodel; sourceTree = "<group>"; };
		B36A1AAA1B55EBED00B572C2 /* ViewController.h */ = {isa = PBXFileReference; lastKnownFileType = sourcecode.c.h; path = ViewController.h; sourceTree = "<group>"; };
		B36A1AAB1B55EBED00B572C2 /* ViewController.m */ = {isa = PBXFileReference; lastKnownFileType = sourcecode.c.objc; path = ViewController.m; sourceTree = "<group>"; };
		B36A1AAE1B55EBED00B572C2 /* Base */ = {isa = PBXFileReference; lastKnownFileType = file.storyboard; name = Base; path = Base.lproj/Main.storyboard; sourceTree = "<group>"; };
		B36A1AB01B55EBED00B572C2 /* Images.xcassets */ = {isa = PBXFileReference; lastKnownFileType = folder.assetcatalog; path = Images.xcassets; sourceTree = "<group>"; };
		B36A1AB31B55EBED00B572C2 /* Base */ = {isa = PBXFileReference; lastKnownFileType = file.xib; name = Base; path = Base.lproj/LaunchScreen.xib; sourceTree = "<group>"; };
		B36A1AB91B55EBEE00B572C2 /* tongxunluTests.xctest */ = {isa = PBXFileReference; explicitFileType = wrapper.cfbundle; includeInIndex = 0; path = tongxunluTests.xctest; sourceTree = BUILT_PRODUCTS_DIR; };
		B36A1ABE1B55EBEE00B572C2 /* Info.plist */ = {isa = PBXFileReference; lastKnownFileType = text.plist.xml; path = Info.plist; sourceTree = "<group>"; };
		B36A1ABF1B55EBEE00B572C2 /* tongxunluTests.m */ = {isa = PBXFileReference; lastKnownFileType = sourcecode.c.objc; path = tongxunluTests.m; sourceTree = "<group>"; };
		B36A1AD81B55FA3600B572C2 /* CoreDateManager.h */ = {isa = PBXFileReference; fileEncoding = 4; lastKnownFileType = sourcecode.c.h; path = CoreDateManager.h; sourceTree = "<group>"; };
		B36A1AD91B55FA3600B572C2 /* CoreDateManager.m */ = {isa = PBXFileReference; fileEncoding = 4; lastKnownFileType = sourcecode.c.objc; path = CoreDateManager.m; sourceTree = "<group>"; };
		B36A1AE11B560A6200B572C2 /* Information.h */ = {isa = PBXFileReference; fileEncoding = 4; lastKnownFileType = sourcecode.c.h; path = Information.h; sourceTree = "<group>"; };
		B36A1AE21B560A6200B572C2 /* Information.m */ = {isa = PBXFileReference; fileEncoding = 4; lastKnownFileType = sourcecode.c.objc; path = Information.m; sourceTree = "<group>"; };
		B37443851B5793A2006FD715 /* tongxunlu.pch */ = {isa = PBXFileReference; lastKnownFileType = sourcecode.c.h; path = tongxunlu.pch; sourceTree = "<group>"; };
		B37443861B57B5C9006FD715 /* InfoT.h */ = {isa = PBXFileReference; fileEncoding = 4; lastKnownFileType = sourcecode.c.h; path = InfoT.h; sourceTree = "<group>"; };
		B37443871B57B5C9006FD715 /* InfoT.m */ = {isa = PBXFileReference; fileEncoding = 4; lastKnownFileType = sourcecode.c.objc; path = InfoT.m; sourceTree = "<group>"; };
/* End PBXFileReference section */

/* Begin PBXFrameworksBuildPhase section */
		B36A1A9A1B55EBED00B572C2 /* Frameworks */ = {
			isa = PBXFrameworksBuildPhase;
			buildActionMask = 2147483647;
			files = (
			);
			runOnlyForDeploymentPostprocessing = 0;
		};
		B36A1AB61B55EBEE00B572C2 /* Frameworks */ = {
			isa = PBXFrameworksBuildPhase;
			buildActionMask = 2147483647;
			files = (
			);
			runOnlyForDeploymentPostprocessing = 0;
		};
/* End PBXFrameworksBuildPhase section */

/* Begin PBXGroup section */
		B36A1A941B55EBED00B572C2 = {
			isa = PBXGroup;
			children = (
				B36A1A9F1B55EBED00B572C2 /* tongxunlu */,
				B36A1ABC1B55EBEE00B572C2 /* tongxunluTests */,
				B36A1A9E1B55EBED00B572C2 /* Products */,
			);
			sourceTree = "<group>";
		};
		B36A1A9E1B55EBED00B572C2 /* Products */ = {
			isa = PBXGroup;
			children = (
				B36A1A9D1B55EBED00B572C2 /* tongxunlu.app */,
				B36A1AB91B55EBEE00B572C2 /* tongxunluTests.xctest */,
			);
			name = Products;
			sourceTree = "<group>";
		};
		B36A1A9F1B55EBED00B572C2 /* tongxunlu */ = {
			isa = PBXGroup;
			children = (
				B36A1AA41B55EBED00B572C2 /* AppDelegate.h */,
				B36A1AA51B55EBED00B572C2 /* AppDelegate.m */,
				B36A1AAA1B55EBED00B572C2 /* ViewController.h */,
				B36A1AAB1B55EBED00B572C2 /* ViewController.m */,
				B36A1AAD1B55EBED00B572C2 /* Main.storyboard */,
				B36A1AB01B55EBED00B572C2 /* Images.xcassets */,
				B36A1AB21B55EBED00B572C2 /* LaunchScreen.xib */,
				B36A1AD81B55FA3600B572C2 /* CoreDateManager.h */,
				B36A1AD91B55FA3600B572C2 /* CoreDateManager.m */,
				B36A1AA71B55EBED00B572C2 /* tongxunlu.xcdatamodeld */,
				B36A1AE11B560A6200B572C2 /* Information.h */,
				B36A1AE21B560A6200B572C2 /* Information.m */,
				B37443861B57B5C9006FD715 /* InfoT.h */,
				B37443871B57B5C9006FD715 /* InfoT.m */,
				B37443851B5793A2006FD715 /* tongxunlu.pch */,
				B36A1AA01B55EBED00B572C2 /* Supporting Files */,
			);
			path = tongxunlu;
			sourceTree = "<group>";
		};
		B36A1AA01B55EBED00B572C2 /* Supporting Files */ = {
			isa = PBXGroup;
			children = (
				B36A1AA11B55EBED00B572C2 /* Info.plist */,
				B36A1AA21B55EBED00B572C2 /* main.m */,
			);
			name = "Supporting Files";
			sourceTree = "<group>";
		};
		B36A1ABC1B55EBEE00B572C2 /* tongxunluTests */ = {
			isa = PBXGroup;
			children = (
				B36A1ABF1B55EBEE00B572C2 /* tongxunluTests.m */,
				B36A1ABD1B55EBEE00B572C2 /* Supporting Files */,
			);
			path = tongxunluTests;
			sourceTree = "<group>";
		};
		B36A1ABD1B55EBEE00B572C2 /* Supporting Files */ = {
			isa = PBXGroup;
			children = (
				B36A1ABE1B55EBEE00B572C2 /* Info.plist */,
			);
			name = "Supporting Files";
			sourceTree = "<group>";
		};
/* End PBXGroup section */

/* Begin PBXNativeTarget section */
		B36A1A9C1B55EBED00B572C2 /* tongxunlu */ = {
			isa = PBXNativeTarget;
			buildConfigurationList = B36A1AC31B55EBEE00B572C2 /* Build configuration list for PBXNativeTarget "tongxunlu" */;
			buildPhases = (
				B36A1A991B55EBED00B572C2 /* Sources */,
				B36A1A9A1B55EBED00B572C2 /* Frameworks */,
				B36A1A9B1B55EBED00B572C2 /* Resources */,
			);
			buildRules = (
			);
			dependencies = (
			);
			name = tongxunlu;
			productName = tongxunlu;
			productReference = B36A1A9D1B55EBED00B572C2 /* tongxunlu.app */;
			productType = "com.apple.product-type.application";
		};
		B36A1AB81B55EBEE00B572C2 /* tongxunluTests */ = {
			isa = PBXNativeTarget;
			buildConfigurationList = B36A1AC61B55EBEE00B572C2 /* Build configuration list for PBXNativeTarget "tongxunluTests" */;
			buildPhases = (
				B36A1AB51B55EBEE00B572C2 /* Sources */,
				B36A1AB61B55EBEE00B572C2 /* Frameworks */,
				B36A1AB71B55EBEE00B572C2 /* Resources */,
			);
			buildRules = (
			);
			dependencies = (
				B36A1ABB1B55EBEE00B572C2 /* PBXTargetDependency */,
			);
			name = tongxunluTests;
			productName = tongxunluTests;
			productReference = B36A1AB91B55EBEE00B572C2 /* tongxunluTests.xctest */;
			productType = "com.apple.product-type.bundle.unit-test";
		};
/* End PBXNativeTarget section */

/* Begin PBXProject section */
		B36A1A951B55EBED00B572C2 /* Project object */ = {
			isa = PBXProject;
			attributes = {
				LastUpgradeCheck = 0640;
				ORGANIZATIONNAME = lsp;
				TargetAttributes = {
					B36A1A9C1B55EBED00B572C2 = {
						CreatedOnToolsVersion = 6.4;
					};
					B36A1AB81B55EBEE00B572C2 = {
						CreatedOnToolsVersion = 6.4;
						TestTargetID = B36A1A9C1B55EBED00B572C2;
					};
				};
			};
			buildConfigurationList = B36A1A981B55EBED00B572C2 /* Build configuration list for PBXProject "tongxunlu" */;
			compatibilityVersion = "Xcode 3.2";
			developmentRegion = English;
			hasScannedForEncodings = 0;
			knownRegions = (
				en,
				Base,
			);
			mainGroup = B36A1A941B55EBED00B572C2;
			productRefGroup = B36A1A9E1B55EBED00B572C2 /* Products */;
			projectDirPath = "";
			projectRoot = "";
			targets = (
				B36A1A9C1B55EBED00B572C2 /* tongxunlu */,
				B36A1AB81B55EBEE00B572C2 /* tongxunluTests */,
			);
		};
/* End PBXProject section */

/* Begin PBXResourcesBuildPhase section */
		B36A1A9B1B55EBED00B572C2 /* Resources */ = {
			isa = PBXResourcesBuildPhase;
			buildActionMask = 2147483647;
			files = (
				B36A1AAF1B55EBED00B572C2 /* Main.storyboard in Resources */,
				B36A1AB41B55EBED00B572C2 /* LaunchScreen.xib in Resources */,
				B36A1AB11B55EBED00B572C2 /* Images.xcassets in Resources */,
			);
			runOnlyForDeploymentPostprocessing = 0;
		};
		B36A1AB71B55EBEE00B572C2 /* Resources */ = {
			isa = PBXResourcesBuildPhase;
			buildActionMask = 2147483647;
			files = (
			);
			runOnlyForDeploymentPostprocessing = 0;
		};
/* End PBXResourcesBuildPhase section */

/* Begin PBXSourcesBuildPhase section */
		B36A1A991B55EBED00B572C2 /* Sources */ = {
			isa = PBXSourcesBuildPhase;
			buildActionMask = 2147483647;
			files = (
				B36A1AE31B560A6200B572C2 /* Information.m in Sources */,
				B36A1AA91B55EBED00B572C2 /* tongxunlu.xcdatamodeld in Sources */,
				B36A1AA61B55EBED00B572C2 /* AppDelegate.m in Sources */,
				B36A1AAC1B55EBED00B572C2 /* ViewController.m in Sources */,
				B36A1ADA1B55FA3600B572C2 /* CoreDateManager.m in Sources */,
				B36A1AA31B55EBED00B572C2 /* main.m in Sources */,
				B37443881B57B5C9006FD715 /* InfoT.m in Sources */,
			);
			runOnlyForDeploymentPostprocessing = 0;
		};
		B36A1AB51B55EBEE00B572C2 /* Sources */ = {
			isa = PBXSourcesBuildPhase;
			buildActionMask = 2147483647;
			files = (
				B36A1AC01B55EBEE00B572C2 /* tongxunluTests.m in Sources */,
			);
			runOnlyForDeploymentPostprocessing = 0;
		};
/* End PBXSourcesBuildPhase section */

/* Begin PBXTargetDependency section */
		B36A1ABB1B55EBEE00B572C2 /* PBXTargetDependency */ = {
			isa = PBXTargetDependency;
			target = B36A1A9C1B55EBED00B572C2 /* tongxunlu */;
			targetProxy = B36A1ABA1B55EBEE00B572C2 /* PBXContainerItemProxy */;
		};
/* End PBXTargetDependency section */

/* Begin PBXVariantGroup section */
		B36A1AAD1B55EBED00B572C2 /* Main.storyboard */ = {
			isa = PBXVariantGroup;
			children = (
				B36A1AAE1B55EBED00B572C2 /* Base */,
			);
			name = Main.storyboard;
			sourceTree = "<group>";
		};
		B36A1AB21B55EBED00B572C2 /* LaunchScreen.xib */ = {
			isa = PBXVariantGroup;
			children = (
				B36A1AB31B55EBED00B572C2 /* Base */,
			);
			name = LaunchScreen.xib;
			sourceTree = "<group>";
		};
/* End PBXVariantGroup section */

/* Begin XCBuildConfiguration section */
		B36A1AC11B55EBEE00B572C2 /* Debug */ = {
			isa = XCBuildConfiguration;
			buildSettings = {
				ALWAYS_SEARCH_USER_PATHS = NO;
				CLANG_CXX_LANGUAGE_STANDARD = "gnu++0x";
				CLANG_CXX_LIBRARY = "libc++";
				CLANG_ENABLE_MODULES = YES;
				CLANG_ENABLE_OBJC_ARC = YES;
				CLANG_WARN_BOOL_CONVERSION = YES;
				CLANG_WARN_CONSTANT_CONVERSION = YES;
				CLANG_WARN_DIRECT_OBJC_ISA_USAGE = YES_ERROR;
				CLANG_WARN_EMPTY_BODY = YES;
				CLANG_WARN_ENUM_CONVERSION = YES;
				CLANG_WARN_INT_CONVERSION = YES;
				CLANG_WARN_OBJC_ROOT_CLASS = YES_ERROR;
				CLANG_WARN_UNREACHABLE_CODE = YES;
				CLANG_WARN__DUPLICATE_METHOD_MATCH = YES;
				"CODE_SIGN_IDENTITY[sdk=iphoneos*]" = "iPhone Developer";
				COPY_PHASE_STRIP = NO;
				DEBUG_INFORMATION_FORMAT = "dwarf-with-dsym";
				ENABLE_STRICT_OBJC_MSGSEND = YES;
				GCC_C_LANGUAGE_STANDARD = gnu99;
				GCC_DYNAMIC_NO_PIC = NO;
				GCC_NO_COMMON_BLOCKS = YES;
				GCC_OPTIMIZATION_LEVEL = 0;
				GCC_PREPROCESSOR_DEFINITIONS = (
					"DEBUG=1",
					"$(inherited)",
				);
				GCC_SYMBOLS_PRIVATE_EXTERN = NO;
				GCC_WARN_64_TO_32_BIT_CONVERSION = YES;
				GCC_WARN_ABOUT_RETURN_TYPE = YES_ERROR;
				GCC_WARN_UNDECLARED_SELECTOR = YES;
				GCC_WARN_UNINITIALIZED_AUTOS = YES_AGGRESSIVE;
				GCC_WARN_UNUSED_FUNCTION = YES;
				GCC_WARN_UNUSED_VARIABLE = YES;
				IPHONEOS_DEPLOYMENT_TARGET = 8.4;
				MTL_ENABLE_DEBUG_INFO = YES;
				ONLY_ACTIVE_ARCH = YES;
				SDKROOT = iphoneos;
			};
			name = Debug;
		};
		B36A1AC21B55EBEE00B572C2 /* Release */ = {
			isa = XCBuildConfiguration;
			buildSettings = {
				ALWAYS_SEARCH_USER_PATHS = NO;
				CLANG_CXX_LANGUAGE_STANDARD = "gnu++0x";
				CLANG_CXX_LIBRARY = "libc++";
				CLANG_ENABLE_MODULES = YES;
				CLANG_ENABLE_OBJC_ARC = YES;
				CLANG_WARN_BOOL_CONVERSION = YES;
				CLANG_WARN_CONSTANT_CONVERSION = YES;
				CLANG_WARN_DIRECT_OBJC_ISA_USAGE = YES_ERROR;
				CLANG_WARN_EMPTY_BODY = YES;
				CLANG_WARN_ENUM_CONVERSION = YES;
				CLANG_WARN_INT_CONVERSION = YES;
				CLANG_WARN_OBJC_ROOT_CLASS = YES_ERROR;
				CLANG_WARN_UNREACHABLE_CODE = YES;
				CLANG_WARN__DUPLICATE_METHOD_MATCH = YES;
				"CODE_SIGN_IDENTITY[sdk=iphoneos*]" = "iPhone Developer";
				COPY_PHASE_STRIP = NO;
				DEBUG_INFORMATION_FORMAT = "dwarf-with-dsym";
				ENABLE_NS_ASSERTIONS = NO;
				ENABLE_STRICT_OBJC_MSGSEND = YES;
				GCC_C_LANGUAGE_STANDARD = gnu99;
				GCC_NO_COMMON_BLOCKS = YES;
				GCC_WARN_64_TO_32_BIT_CONVERSION = YES;
				GCC_WARN_ABOUT_RETURN_TYPE = YES_ERROR;
				GCC_WARN_UNDECLARED_SELECTOR = YES;
				GCC_WARN_UNINITIALIZED_AUTOS = YES_AGGRESSIVE;
				GCC_WARN_UNUSED_FUNCTION = YES;
				GCC_WARN_UNUSED_VARIABLE = YES;
				IPHONEOS_DEPLOYMENT_TARGET = 8.4;
				MTL_ENABLE_DEBUG_INFO = NO;
				SDKROOT = iphoneos;
				VALIDATE_PRODUCT = YES;
			};
			name = Release;
		};
		B36A1AC41B55EBEE00B572C2 /* Debug */ = {
			isa = XCBuildConfiguration;
			buildSettings = {
				ASSETCATALOG_COMPILER_APPICON_NAME = AppIcon;
				GCC_PREFIX_HEADER = "$(SRCROOT)/tongxunlu/tongxunlu.pch";
				INFOPLIST_FILE = tongxunlu/Info.plist;
				IPHONEOS_DEPLOYMENT_TARGET = 7.1;
				LD_RUNPATH_SEARCH_PATHS = "$(inherited) @executable_path/Frameworks";
				PRODUCT_NAME = "$(TARGET_NAME)";
			};
			name = Debug;
		};
		B36A1AC51B55EBEE00B572C2 /* Release */ = {
			isa = XCBuildConfiguration;
			buildSettings = {
				ASSETCATALOG_COMPILER_APPICON_NAME = AppIcon;
				GCC_PREFIX_HEADER = "$(SRCROOT)/tongxunlu/tongxunlu.pch";
				INFOPLIST_FILE = tongxunlu/Info.plist;
				IPHONEOS_DEPLOYMENT_TARGET = 7.1;
				LD_RUNPATH_SEARCH_PATHS = "$(inherited) @executable_path/Frameworks";
				PRODUCT_NAME = "$(TARGET_NAME)";
			};
			name = Release;
		};
		B36A1AC71B55EBEE00B572C2 /* Debug */ = {
			isa = XCBuildConfiguration;
			buildSettings = {
				BUNDLE_LOADER = "$(TEST_HOST)";
				FRAMEWORK_SEARCH_PATHS = (
					"$(SDKROOT)/Developer/Library/Frameworks",
					"$(inherited)",
				);
				GCC_PREPROCESSOR_DEFINITIONS = (
					"DEBUG=1",
					"$(inherited)",
				);
				INFOPLIST_FILE = tongxunluTests/Info.plist;
				LD_RUNPATH_SEARCH_PATHS = "$(inherited) @executable_path/Frameworks @loader_path/Frameworks";
				PRODUCT_NAME = "$(TARGET_NAME)";
				TEST_HOST = "$(BUILT_PRODUCTS_DIR)/tongxunlu.app/tongxunlu";
			};
			name = Debug;
		};
		B36A1AC81B55EBEE00B572C2 /* Release */ = {
			isa = XCBuildConfiguration;
			buildSettings = {
				BUNDLE_LOADER = "$(TEST_HOST)";
				FRAMEWORK_SEARCH_PATHS = (
					"$(SDKROOT)/Developer/Library/Frameworks",
					"$(inherited)",
				);
				INFOPLIST_FILE = tongxunluTests/Info.plist;
				LD_RUNPATH_SEARCH_PATHS = "$(inherited) @executable_path/Frameworks @loader_path/Frameworks";
				PRODUCT_NAME = "$(TARGET_NAME)";
				TEST_HOST = "$(BUILT_PRODUCTS_DIR)/tongxunlu.app/tongxunlu";
			};
			name = Release;
		};
/* End XCBuildConfiguration section */

/* Begin XCConfigurationList section */
		B36A1A981B55EBED00B572C2 /* Build configuration list for PBXProject "tongxunlu" */ = {
			isa = XCConfigurationList;
			buildConfigurations = (
				B36A1AC11B55EBEE00B572C2 /* Debug */,
				B36A1AC21B55EBEE00B572C2 /* Release */,
			);
			defaultConfigurationIsVisible = 0;
			defaultConfigurationName = Release;
		};
		B36A1AC31B55EBEE00B572C2 /* Build configuration list for PBXNativeTarget "tongxunlu" */ = {
			isa = XCConfigurationList;
			buildConfigurations = (
				B36A1AC41B55EBEE00B572C2 /* Debug */,
				B36A1AC51B55EBEE00B572C2 /* Release */,
			);
			defaultConfigurationIsVisible = 0;
			defaultConfigurationName = Release;
		};
		B36A1AC61B55EBEE00B572C2 /* Build configuration list for PBXNativeTarget "tongxunluTests" */ = {
			isa = XCConfigurationList;
			buildConfigurations = (
				B36A1AC71B55EBEE00B572C2 /* Debug */,
				B36A1AC81B55EBEE00B572C2 /* Release */,
			);
			defaultConfigurationIsVisible = 0;
			defaultConfigurationName = Release;
		};
/* End XCConfigurationList section */

/* Begin XCVersionGroup section */
		B36A1AA71B55EBED00B572C2 /* tongxunlu.xcdatamodeld */ = {
			isa = XCVersionGroup;
			children = (
				B36A1AA81B55EBED00B572C2 /* tongxunlu.xcdatamodel */,
			);
			currentVersion = B36A1AA81B55EBED00B572C2 /* tongxunlu.xcdatamodel */;
			path = tongxunlu.xcdatamodeld;
			sourceTree = "<group>";
			versionGroupType = wrapper.xcdatamodel;
		};
/* End XCVersionGroup section */
	};
	rootObject = B36A1A951B55EBED00B572C2 /* Project object */;
}
